{
  "name": "campaign-codex",
  "lockfileVersion": 3,
  "requires": true,
  "packages": {
    "": {
      "name": "campaign-codex",
      "version": "1.0.0",
      "license": "UNLICENSED",
      "devDependencies": {
        "quartz": "github:jackyzha0/quartz"
      }
    },
    "node_modules/quartz": {
      "resolved": "git+ssh://git@github.com/jackyzha0/quartz.git#v4",
      "name": "quartz",
      "version": "4.0.0",
      "license": "MIT"
    }
  },
  "dependencies": {
    "quartz": {
      "version": "github:jackyzha0/quartz#v4",
      "from": "github:jackyzha0/quartz"
    }
  }
}
